# This file was autogenerated by Stack.
# You should not edit this file by hand.
# For more information, please see the documentation at:
#   https://docs.haskellstack.org/en/stable/lock_files

packages:
- completed:
    hackage: show-0.6@sha256:073c283f62d56cab2a2de5455125c7fc2d55642bac4cf0e778ed6525226a44ec,903
    pantry-tree:
      size: 198
      sha256: 3b4495eda11d340bac942b24d34c43c8bfb757c3861e166f94cb1dec897f6042
  original:
    hackage: show-0.6@sha256:073c283f62d56cab2a2de5455125c7fc2d55642bac4cf0e778ed6525226a44ec,903
snapshots:
- completed:
    size: 586296
    url: https://raw.githubusercontent.com/commercialhaskell/stackage-snapshots/master/lts/18/18.yaml
    sha256: 63539429076b7ebbab6daa7656cfb079393bf644971156dc349d7c0453694ac2
  original:
    url: https://raw.githubusercontent.com/commercialhaskell/stackage-snapshots/master/lts/18/18.yaml
